{
  "name": "@hn3000/metaapi",
  "version": "0.3.4",
  "lockfileVersion": 1,
  "requires": true,
  "dependencies": {
    "@hn3000/json-ref": {
      "version": "1.0.0",
      "resolved": "https://registry.npmjs.org/@hn3000/json-ref/-/json-ref-1.0.0.tgz",
      "integrity": "sha512-fWJj9GG4MCvJExv9W0ArnaVTLJxUbFFxgDdrmxWJjYCbf83IJiurubOjshu6ndKMsHAelUqNt5PmuIYcZ5otBQ=="
    },
    "@hn3000/metamodel": {
      "version": "1.4.1",
      "resolved": "https://registry.npmjs.org/@hn3000/metamodel/-/metamodel-1.4.1.tgz",
      "integrity": "sha512-INOTwa+FYTgLG76phxj/xS64A5YSnO5PgQ8DWOYAzdcEFVpBX69axiiEpuj4n7ShNExpGKH19CMx/HxQ2w2g/A==",
      "requires": {
        "@hn3000/json-ref": "^0.11.5",
        "isomorphic-fetch": "^2.2.1"
      },
      "dependencies": {
        "@hn3000/json-ref": {
          "version": "0.11.5",
          "resolved": "https://registry.npmjs.org/@hn3000/json-ref/-/json-ref-0.11.5.tgz",
          "integrity": "sha512-R6T5cVBxEMfaR//2X3sjEO+lSJSeTBVfHcdqFp2JFfYm1dkzm9YO6hdEFsaVmDX2ddV+4xw3qI3fHDqrqndb3A=="
        }
      }
    },
    "@hn3000/simpletemplate": {
      "version": "0.10.0",
      "resolved": "https://registry.npmjs.org/@hn3000/simpletemplate/-/simpletemplate-0.10.0.tgz",
      "integrity": "sha512-SzTsPnMCIKm4E6/yfdHh8CsWAAhsBuNLDjf6QUp9GRD6KU4MYKOkghDmhHSgnuNq6M3ahEMvouvj+w9+rBhqew=="
    },
    "@types/isomorphic-fetch": {
      "version": "0.0.34",
      "resolved": "https://registry.npmjs.org/@types/isomorphic-fetch/-/isomorphic-fetch-0.0.34.tgz",
      "integrity": "sha1-PDSD5gbAQTeEOOlRRk8A5OYHBtY="
    },
    "@types/node": {
      "version": "10.11.7",
      "resolved": "https://registry.npmjs.org/@types/node/-/node-10.11.7.tgz",
      "integrity": "sha512-yOxFfkN9xUFLyvWaeYj90mlqTJ41CsQzWKS3gXdOMOyPVacUsymejKxJ4/pMW7exouubuEeZLJawGgcNGYlTeg==",
      "dev": true
    },
    "@types/swagger-schema-official": {
      "version": "2.0.10",
      "resolved": "https://registry.npmjs.org/@types/swagger-schema-official/-/swagger-schema-official-2.0.10.tgz",
      "integrity": "sha512-/nPE393X1GqQckDzfPYCAyhR9+yQq8vqOA1btHMWA9gGq7vf/1jV9oxnhlmX71iu8wkfbCtOuc+biWGnWJalag==",
      "dev": true
    },
    "encoding": {
      "version": "0.1.12",
      "resolved": "https://registry.npmjs.org/encoding/-/encoding-0.1.12.tgz",
      "integrity": "sha1-U4tm8+5izRq1HsMjgp0flIDHS+s=",
      "requires": {
        "iconv-lite": "~0.4.13"
      }
    },
    "iconv-lite": {
      "version": "0.4.18",
      "resolved": "https://registry.npmjs.org/iconv-lite/-/iconv-lite-0.4.18.tgz",
      "integrity": "sha512-sr1ZQph3UwHTR0XftSbK85OvBbxe/abLGzEnPENCQwmHf7sck8Oyu4ob3LgBxWWxRoM+QszeUyl7jbqapu2TqA=="
    },
    "is-stream": {
      "version": "1.1.0",
      "resolved": "https://registry.npmjs.org/is-stream/-/is-stream-1.1.0.tgz",
      "integrity": "sha1-EtSj3U5o4Lec6428hBc66A2RykQ="
    },
    "isomorphic-fetch": {
      "version": "2.2.1",
      "resolved": "https://registry.npmjs.org/isomorphic-fetch/-/isomorphic-fetch-2.2.1.tgz",
      "integrity": "sha1-YRrhrPFPXoH3KVB0coGf6XM1WKk=",
      "requires": {
        "node-fetch": "^1.0.1",
        "whatwg-fetch": ">=0.10.0"
      }
    },
    "node-fetch": {
      "version": "1.7.2",
      "resolved": "https://registry.npmjs.org/node-fetch/-/node-fetch-1.7.2.tgz",
      "integrity": "sha512-xZZUq2yDhKMIn/UgG5q//IZSNLJIwW2QxS14CNH5spuiXkITM2pUitjdq58yLSaU7m4M0wBNaM2Gh/ggY4YJig==",
      "requires": {
        "encoding": "^0.1.11",
        "is-stream": "^1.0.1"
      }
    },
    "swagger-schema-official": {
      "version": "2.0.0-d79c205",
      "resolved": "https://registry.npmjs.org/swagger-schema-official/-/swagger-schema-official-2.0.0-d79c205.tgz",
      "integrity": "sha1-Rl6Bvt9dSHSkI+88YEHGBrvD8v0=",
      "dev": true
    },
    "tsunit.external": {
      "version": "2.1.1",
      "resolved": "https://registry.npmjs.org/tsunit.external/-/tsunit.external-2.1.1.tgz",
      "integrity": "sha1-HuBxZ8tb3N/H9RjYSZVgN3C+Mos=",
      "dev": true
    },
    "typescript": {
      "version": "3.1.3",
      "resolved": "https://registry.npmjs.org/typescript/-/typescript-3.1.3.tgz",
      "integrity": "sha512-+81MUSyX+BaSo+u2RbozuQk/UWx6hfG0a5gHu4ANEM4sU96XbuIyAB+rWBW1u70c6a5QuZfuYICn3s2UjuHUpA==",
      "dev": true
    },
    "whatwg-fetch": {
      "version": "2.0.3",
      "resolved": "https://registry.npmjs.org/whatwg-fetch/-/whatwg-fetch-2.0.3.tgz",
      "integrity": "sha1-nITsLc9oGH/wC8ZOEnS0QhduHIQ="
    }
  }
}
