{
  "name": "@hn3000/metaapi",
  "version": "0.2.9",
  "lockfileVersion": 1,
  "requires": true,
  "dependencies": {
    "@hn3000/json-ref": {
      "version": "0.11.0",
      "resolved": "https://registry.npmjs.org/@hn3000/json-ref/-/json-ref-0.11.0.tgz",
      "integrity": "sha512-7DuCTsc0dzf4I1N5W46AivTiAH06Almr2HDpS0pvbRafRtg4x+9KXu1PhjSSsAzBgy1V0yg26FmdL+urPoHVgg=="
    },
    "@hn3000/metamodel": {
      "version": "0.11.2",
      "resolved": "https://registry.npmjs.org/@hn3000/metamodel/-/metamodel-0.11.2.tgz",
      "integrity": "sha512-Nm7D+tqpx53WK9/tJpgxY8y9MYge5xaAPSdoaScQZ4QSgxeOu0T8aAluCD1jGI/Jm0aatPhxEENuILhc636NCw==",
      "requires": {
        "@hn3000/json-ref": "0.11.0",
        "isomorphic-fetch": "2.2.1"
      }
    },
    "@hn3000/simpletemplate": {
      "version": "0.10.0",
      "resolved": "https://registry.npmjs.org/@hn3000/simpletemplate/-/simpletemplate-0.10.0.tgz",
      "integrity": "sha512-SzTsPnMCIKm4E6/yfdHh8CsWAAhsBuNLDjf6QUp9GRD6KU4MYKOkghDmhHSgnuNq6M3ahEMvouvj+w9+rBhqew=="
    },
    "@types/isomorphic-fetch": {
      "version": "0.0.34",
      "resolved": "https://registry.npmjs.org/@types/isomorphic-fetch/-/isomorphic-fetch-0.0.34.tgz",
      "integrity": "sha1-PDSD5gbAQTeEOOlRRk8A5OYHBtY="
    },
    "@types/node": {
      "version": "8.0.26",
      "resolved": "https://registry.npmjs.org/@types/node/-/node-8.0.26.tgz",
      "integrity": "sha512-wbKN0MB4XsjdnSE04HiCzLoBDirGCM6zXrqavSj44nZnPFYpnrTF64E9O6Xmf0ca/IuKK/BHUcXwMiwk92gW6Q==",
      "dev": true
    },
    "@types/swagger-schema-official": {
      "version": "2.0.6",
      "resolved": "https://registry.npmjs.org/@types/swagger-schema-official/-/swagger-schema-official-2.0.6.tgz",
      "integrity": "sha512-0ILK79M0Lw9uSAN1SWSTwbNlRdI4kMtOXVpUdJ0D5mjOh956GJUWPES6YokaMIrRLjSabDK0wslkATDFQ7asTg==",
      "dev": true
    },
    "encoding": {
      "version": "0.1.12",
      "resolved": "https://registry.npmjs.org/encoding/-/encoding-0.1.12.tgz",
      "integrity": "sha1-U4tm8+5izRq1HsMjgp0flIDHS+s=",
      "requires": {
        "iconv-lite": "0.4.18"
      }
    },
    "iconv-lite": {
      "version": "0.4.18",
      "resolved": "https://registry.npmjs.org/iconv-lite/-/iconv-lite-0.4.18.tgz",
      "integrity": "sha512-sr1ZQph3UwHTR0XftSbK85OvBbxe/abLGzEnPENCQwmHf7sck8Oyu4ob3LgBxWWxRoM+QszeUyl7jbqapu2TqA=="
    },
    "is-stream": {
      "version": "1.1.0",
      "resolved": "https://registry.npmjs.org/is-stream/-/is-stream-1.1.0.tgz",
      "integrity": "sha1-EtSj3U5o4Lec6428hBc66A2RykQ="
    },
    "isomorphic-fetch": {
      "version": "2.2.1",
      "resolved": "https://registry.npmjs.org/isomorphic-fetch/-/isomorphic-fetch-2.2.1.tgz",
      "integrity": "sha1-YRrhrPFPXoH3KVB0coGf6XM1WKk=",
      "requires": {
        "node-fetch": "1.7.2",
        "whatwg-fetch": "2.0.3"
      }
    },
    "node-fetch": {
      "version": "1.7.2",
      "resolved": "https://registry.npmjs.org/node-fetch/-/node-fetch-1.7.2.tgz",
      "integrity": "sha512-xZZUq2yDhKMIn/UgG5q//IZSNLJIwW2QxS14CNH5spuiXkITM2pUitjdq58yLSaU7m4M0wBNaM2Gh/ggY4YJig==",
      "requires": {
        "encoding": "0.1.12",
        "is-stream": "1.1.0"
      }
    },
    "swagger-schema-official": {
      "version": "2.0.0-d79c205",
      "resolved": "https://registry.npmjs.org/swagger-schema-official/-/swagger-schema-official-2.0.0-d79c205.tgz",
      "integrity": "sha1-Rl6Bvt9dSHSkI+88YEHGBrvD8v0=",
      "dev": true
    },
    "tsunit.external": {
      "version": "2.0.11",
      "resolved": "https://registry.npmjs.org/tsunit.external/-/tsunit.external-2.0.11.tgz",
      "integrity": "sha1-cyZB1Td5PIcpk/nfcqAQAFaPk2Q=",
      "dev": true
    },
    "typescript": {
      "version": "2.6.1",
      "resolved": "https://registry.npmjs.org/typescript/-/typescript-2.6.1.tgz",
      "integrity": "sha1-7znN6ierrAtQAkLWcmq5DgyEZjE=",
      "dev": true
    },
    "whatwg-fetch": {
      "version": "2.0.3",
      "resolved": "https://registry.npmjs.org/whatwg-fetch/-/whatwg-fetch-2.0.3.tgz",
      "integrity": "sha1-nITsLc9oGH/wC8ZOEnS0QhduHIQ="
    }
  }
}
