{
  "name": "@hn3000/metaapi",
  "version": "0.4.2",
  "lockfileVersion": 1,
  "requires": true,
  "dependencies": {
    "@hn3000/json-ref": {
      "version": "1.0.0",
      "resolved": "https://registry.npmjs.org/@hn3000/json-ref/-/json-ref-1.0.0.tgz",
      "integrity": "sha512-fWJj9GG4MCvJExv9W0ArnaVTLJxUbFFxgDdrmxWJjYCbf83IJiurubOjshu6ndKMsHAelUqNt5PmuIYcZ5otBQ=="
    },
    "@hn3000/metamodel": {
      "version": "1.5.0",
      "resolved": "https://registry.npmjs.org/@hn3000/metamodel/-/metamodel-1.5.0.tgz",
      "integrity": "sha512-Pc5fyxn9A2PNnXECLsddRTyng03ox8Arlc7W49nYa8pPRRD3WqxjE0rUpi5wWVvaQsAVcSY3ymbRZITMMx/u7Q==",
      "requires": {
        "@hn3000/json-ref": "^1.0.0",
        "isomorphic-fetch": "^2.2.1"
      }
    },
    "@hn3000/simpletemplate": {
      "version": "0.10.0",
      "resolved": "https://registry.npmjs.org/@hn3000/simpletemplate/-/simpletemplate-0.10.0.tgz",
      "integrity": "sha512-SzTsPnMCIKm4E6/yfdHh8CsWAAhsBuNLDjf6QUp9GRD6KU4MYKOkghDmhHSgnuNq6M3ahEMvouvj+w9+rBhqew=="
    },
    "@types/isomorphic-fetch": {
      "version": "0.0.34",
      "resolved": "https://registry.npmjs.org/@types/isomorphic-fetch/-/isomorphic-fetch-0.0.34.tgz",
      "integrity": "sha1-PDSD5gbAQTeEOOlRRk8A5OYHBtY=",
      "dev": true
    },
    "@types/node": {
      "version": "10.12.18",
      "resolved": "https://registry.npmjs.org/@types/node/-/node-10.12.18.tgz",
      "integrity": "sha512-fh+pAqt4xRzPfqA6eh3Z2y6fyZavRIumvjhaCL753+TVkGKGhpPeyrJG2JftD0T9q4GF00KjefsQ+PQNDdWQaQ==",
      "dev": true
    },
    "@types/swagger-schema-official": {
      "version": "2.0.14",
      "resolved": "https://registry.npmjs.org/@types/swagger-schema-official/-/swagger-schema-official-2.0.14.tgz",
      "integrity": "sha512-xPlMRuQvmyFVm/aPXy6L92aOJ31xWpPex6MnHYaTFc+weYfs7fDjNvn9xhl6he2wWEpkkRGUD9S754alW+dwzw==",
      "dev": true
    },
    "encoding": {
      "version": "0.1.12",
      "resolved": "https://registry.npmjs.org/encoding/-/encoding-0.1.12.tgz",
      "integrity": "sha1-U4tm8+5izRq1HsMjgp0flIDHS+s=",
      "requires": {
        "iconv-lite": "~0.4.13"
      }
    },
    "iconv-lite": {
      "version": "0.4.18",
      "resolved": "https://registry.npmjs.org/iconv-lite/-/iconv-lite-0.4.18.tgz",
      "integrity": "sha512-sr1ZQph3UwHTR0XftSbK85OvBbxe/abLGzEnPENCQwmHf7sck8Oyu4ob3LgBxWWxRoM+QszeUyl7jbqapu2TqA=="
    },
    "is-stream": {
      "version": "1.1.0",
      "resolved": "https://registry.npmjs.org/is-stream/-/is-stream-1.1.0.tgz",
      "integrity": "sha1-EtSj3U5o4Lec6428hBc66A2RykQ="
    },
    "isomorphic-fetch": {
      "version": "2.2.1",
      "resolved": "https://registry.npmjs.org/isomorphic-fetch/-/isomorphic-fetch-2.2.1.tgz",
      "integrity": "sha1-YRrhrPFPXoH3KVB0coGf6XM1WKk=",
      "requires": {
        "node-fetch": "^1.0.1",
        "whatwg-fetch": ">=0.10.0"
      }
    },
    "node-fetch": {
      "version": "1.7.2",
      "resolved": "https://registry.npmjs.org/node-fetch/-/node-fetch-1.7.2.tgz",
      "integrity": "sha512-xZZUq2yDhKMIn/UgG5q//IZSNLJIwW2QxS14CNH5spuiXkITM2pUitjdq58yLSaU7m4M0wBNaM2Gh/ggY4YJig==",
      "requires": {
        "encoding": "^0.1.11",
        "is-stream": "^1.0.1"
      }
    },
    "swagger-schema-official": {
      "version": "2.0.0-d79c205",
      "resolved": "https://registry.npmjs.org/swagger-schema-official/-/swagger-schema-official-2.0.0-d79c205.tgz",
      "integrity": "sha1-Rl6Bvt9dSHSkI+88YEHGBrvD8v0="
    },
    "tsunit.external": {
      "version": "2.1.1",
      "resolved": "https://registry.npmjs.org/tsunit.external/-/tsunit.external-2.1.1.tgz",
      "integrity": "sha1-HuBxZ8tb3N/H9RjYSZVgN3C+Mos=",
      "dev": true
    },
    "typescript": {
      "version": "3.1.3",
      "resolved": "https://registry.npmjs.org/typescript/-/typescript-3.1.3.tgz",
      "integrity": "sha512-+81MUSyX+BaSo+u2RbozuQk/UWx6hfG0a5gHu4ANEM4sU96XbuIyAB+rWBW1u70c6a5QuZfuYICn3s2UjuHUpA==",
      "dev": true
    },
    "whatwg-fetch": {
      "version": "2.0.3",
      "resolved": "https://registry.npmjs.org/whatwg-fetch/-/whatwg-fetch-2.0.3.tgz",
      "integrity": "sha1-nITsLc9oGH/wC8ZOEnS0QhduHIQ="
    }
  }
}
